// !$*UTF8*$!
{
	archiveVersion = 1;
	classes = {
	};
	objectVersion = 46;
	objects = {

/* Begin PBXBuildFile section */
		4D8C0E64B3678B5DF85F45ED /* libPods-ViewEffectsAndLinkage.a in Frameworks */ = {isa = PBXBuildFile; fileRef = 8F08B4725B6684AAD6C850C9 /* libPods-ViewEffectsAndLinkage.a */; };
		7EC52E8C1E9DF7E20077B34B /* CabinTypeView.m in Sources */ = {isa = PBXBuildFile; fileRef = 7EC52E8B1E9DF7E20077B34B /* CabinTypeView.m */; };
		7EF93EB01E695CBD00B26BE8 /* YHMainController.m in Sources */ = {isa = PBXBuildFile; fileRef = 7EF93EAF1E695CBD00B26BE8 /* YHMainController.m */; };
		7EFF8ACE1E66769300F7217D /* main.m in Sources */ = {isa = PBXBuildFile; fileRef = 7EFF8ACD1E66769300F7217D /* main.m */; };
		7EFF8AD11E66769300F7217D /* AppDelegate.m in Sources */ = {isa = PBXBuildFile; fileRef = 7EFF8AD01E66769300F7217D /* AppDelegate.m */; };
		7EFF8AD91E66769300F7217D /* Assets.xcassets in Resources */ = {isa = PBXBuildFile; fileRef = 7EFF8AD81E66769300F7217D /* Assets.xcassets */; };
		7EFF8ADC1E66769300F7217D /* LaunchScreen.storyboard in Resources */ = {isa = PBXBuildFile; fileRef = 7EFF8ADA1E66769300F7217D /* LaunchScreen.storyboard */; };
		7EFF8AE71E66769300F7217D /* ViewEffectsAndLinkageTests.m in Sources */ = {isa = PBXBuildFile; fileRef = 7EFF8AE61E66769300F7217D /* ViewEffectsAndLinkageTests.m */; };
		7EFF8AFE1E6677C300F7217D /* CruiseListModel.m in Sources */ = {isa = PBXBuildFile; fileRef = 7EFF8AF41E6677C300F7217D /* CruiseListModel.m */; };
		7EFF8AFF1E6677C300F7217D /* CruiseListViewCell.m in Sources */ = {isa = PBXBuildFile; fileRef = 7EFF8AF61E6677C300F7217D /* CruiseListViewCell.m */; };
		7EFF8B001E6677C300F7217D /* CruiseListViewController.m in Sources */ = {isa = PBXBuildFile; fileRef = 7EFF8AF81E6677C300F7217D /* CruiseListViewController.m */; };
		7EFF8B011E6677C300F7217D /* listJsonData.json in Resources */ = {isa = PBXBuildFile; fileRef = 7EFF8AF91E6677C300F7217D /* listJsonData.json */; };
		7EFF8B021E6677C300F7217D /* PlaceContentView.m in Sources */ = {isa = PBXBuildFile; fileRef = 7EFF8AFB1E6677C300F7217D /* PlaceContentView.m */; };
		7EFF8B1B1E668ED400F7217D /* BottomContentCell.m in Sources */ = {isa = PBXBuildFile; fileRef = 7EFF8B041E668ED400F7217D /* BottomContentCell.m */; };
		7EFF8B1C1E668ED400F7217D /* BottomContentLayout.m in Sources */ = {isa = PBXBuildFile; fileRef = 7EFF8B061E668ED400F7217D /* BottomContentLayout.m */; };
		7EFF8B1D1E668ED400F7217D /* BottomContentView.m in Sources */ = {isa = PBXBuildFile; fileRef = 7EFF8B081E668ED400F7217D /* BottomContentView.m */; };
		7EFF8B1E1E668ED400F7217D /* ContentCenterView.m in Sources */ = {isa = PBXBuildFile; fileRef = 7EFF8B0A1E668ED400F7217D /* ContentCenterView.m */; };
		7EFF8B1F1E668ED400F7217D /* CruiseDetailViewController.m in Sources */ = {isa = PBXBuildFile; fileRef = 7EFF8B0C1E668ED400F7217D /* CruiseDetailViewController.m */; };
		7EFF8B201E668ED400F7217D /* DownViewController.m in Sources */ = {isa = PBXBuildFile; fileRef = 7EFF8B0E1E668ED400F7217D /* DownViewController.m */; };
		7EFF8B211E668ED400F7217D /* DownViewModel.m in Sources */ = {isa = PBXBuildFile; fileRef = 7EFF8B101E668ED400F7217D /* DownViewModel.m */; };
		7EFF8B221E668ED400F7217D /* HorizontalContentView.m in Sources */ = {isa = PBXBuildFile; fileRef = 7EFF8B121E668ED400F7217D /* HorizontalContentView.m */; };
		7EFF8B231E668ED400F7217D /* HorizontalScrollerView.m in Sources */ = {isa = PBXBuildFile; fileRef = 7EFF8B141E668ED400F7217D /* HorizontalScrollerView.m */; };
		7EFF8B241E668ED400F7217D /* TopViewController.m in Sources */ = {isa = PBXBuildFile; fileRef = 7EFF8B161E668ED400F7217D /* TopViewController.m */; };
		7EFF8B251E668ED400F7217D /* TopViewModel.m in Sources */ = {isa = PBXBuildFile; fileRef = 7EFF8B181E668ED400F7217D /* TopViewModel.m */; };
		7EFF8B2B1E66906800F7217D /* UIView+Common.m in Sources */ = {isa = PBXBuildFile; fileRef = 7EFF8B2A1E66906800F7217D /* UIView+Common.m */; };
		7EFF8B2E1E6694F800F7217D /* CruiseCommitViewController.m in Sources */ = {isa = PBXBuildFile; fileRef = 7EFF8B2D1E6694F800F7217D /* CruiseCommitViewController.m */; };
		7EFF8B301E66A50E00F7217D /* topVCJsonData.json in Resources */ = {isa = PBXBuildFile; fileRef = 7EFF8B2F1E66A50E00F7217D /* topVCJsonData.json */; };
		7EFF8B321E66A71700F7217D /* downVCJsonData.json in Resources */ = {isa = PBXBuildFile; fileRef = 7EFF8B311E66A71700F7217D /* downVCJsonData.json */; };
		8065714A528AF0F680DB4978 /* libPods-ViewEffectsAndLinkageTests.a in Frameworks */ = {isa = PBXBuildFile; fileRef = 546845DE5C4091D1F04B0245 /* libPods-ViewEffectsAndLinkageTests.a */; };
/* End PBXBuildFile section */

/* Begin PBXContainerItemProxy section */
		7EFF8AE31E66769300F7217D /* PBXContainerItemProxy */ = {
			isa = PBXContainerItemProxy;
			containerPortal = 7EFF8AC11E66769300F7217D /* Project object */;
			proxyType = 1;
			remoteGlobalIDString = 7EFF8AC81E66769300F7217D;
			remoteInfo = ViewEffectsAndLinkage;
		};
/* End PBXContainerItemProxy section */

/* Begin PBXFileReference section */
		310EB463A4C3BE0A6BD66A21 /* Pods-ViewEffectsAndLinkageTests.release.xcconfig */ = {isa = PBXFileReference; includeInIndex = 1; lastKnownFileType = text.xcconfig; name = "Pods-ViewEffectsAndLinkageTests.release.xcconfig"; path = "Pods/Target Support Files/Pods-ViewEffectsAndLinkageTests/Pods-ViewEffectsAndLinkageTests.release.xcconfig"; sourceTree = "<group>"; };
		546845DE5C4091D1F04B0245 /* libPods-ViewEffectsAndLinkageTests.a */ = {isa = PBXFileReference; explicitFileType = archive.ar; includeInIndex = 0; path = "libPods-ViewEffectsAndLinkageTests.a"; sourceTree = BUILT_PRODUCTS_DIR; };
		7B41036F9E52BBB13ECA9101 /* Pods-ViewEffectsAndLinkage.release.xcconfig */ = {isa = PBXFileReference; includeInIndex = 1; lastKnownFileType = text.xcconfig; name = "Pods-ViewEffectsAndLinkage.release.xcconfig"; path = "Pods/Target Support Files/Pods-ViewEffectsAndLinkage/Pods-ViewEffectsAndLinkage.release.xcconfig"; sourceTree = "<group>"; };
		7EC52E8A1E9DF7E20077B34B /* CabinTypeView.h */ = {isa = PBXFileReference; fileEncoding = 4; lastKnownFileType = sourcecode.c.h; path = CabinTypeView.h; sourceTree = "<group>"; };
		7EC52E8B1E9DF7E20077B34B /* CabinTypeView.m */ = {isa = PBXFileReference; fileEncoding = 4; lastKnownFileType = sourcecode.c.objc; path = CabinTypeView.m; sourceTree = "<group>"; };
		7EF93EAE1E695CBD00B26BE8 /* YHMainController.h */ = {isa = PBXFileReference; fileEncoding = 4; lastKnownFileType = sourcecode.c.h; path = YHMainController.h; sourceTree = "<group>"; };
		7EF93EAF1E695CBD00B26BE8 /* YHMainController.m */ = {isa = PBXFileReference; fileEncoding = 4; lastKnownFileType = sourcecode.c.objc; path = YHMainController.m; sourceTree = "<group>"; };
		7EFF8AC91E66769300F7217D /* ViewEffectsAndLinkage.app */ = {isa = PBXFileReference; explicitFileType = wrapper.application; includeInIndex = 0; path = ViewEffectsAndLinkage.app; sourceTree = BUILT_PRODUCTS_DIR; };
		7EFF8ACD1E66769300F7217D /* main.m */ = {isa = PBXFileReference; lastKnownFileType = sourcecode.c.objc; path = main.m; sourceTree = "<group>"; };
		7EFF8ACF1E66769300F7217D /* AppDelegate.h */ = {isa = PBXFileReference; lastKnownFileType = sourcecode.c.h; path = AppDelegate.h; sourceTree = "<group>"; };
		7EFF8AD01E66769300F7217D /* AppDelegate.m */ = {isa = PBXFileReference; lastKnownFileType = sourcecode.c.objc; path = AppDelegate.m; sourceTree = "<group>"; };
		7EFF8AD81E66769300F7217D /* Assets.xcassets */ = {isa = PBXFileReference; lastKnownFileType = folder.assetcatalog; path = Assets.xcassets; sourceTree = "<group>"; };
		7EFF8ADB1E66769300F7217D /* Base */ = {isa = PBXFileReference; lastKnownFileType = file.storyboard; name = Base; path = Base.lproj/LaunchScreen.storyboard; sourceTree = "<group>"; };
		7EFF8ADD1E66769300F7217D /* Info.plist */ = {isa = PBXFileReference; lastKnownFileType = text.plist.xml; path = Info.plist; sourceTree = "<group>"; };
		7EFF8AE21E66769300F7217D /* ViewEffectsAndLinkageTests.xctest */ = {isa = PBXFileReference; explicitFileType = wrapper.cfbundle; includeInIndex = 0; path = ViewEffectsAndLinkageTests.xctest; sourceTree = BUILT_PRODUCTS_DIR; };
		7EFF8AE61E66769300F7217D /* ViewEffectsAndLinkageTests.m */ = {isa = PBXFileReference; lastKnownFileType = sourcecode.c.objc; path = ViewEffectsAndLinkageTests.m; sourceTree = "<group>"; };
		7EFF8AE81E66769300F7217D /* Info.plist */ = {isa = PBXFileReference; lastKnownFileType = text.plist.xml; path = Info.plist; sourceTree = "<group>"; };
		7EFF8AF31E6677C300F7217D /* CruiseListModel.h */ = {isa = PBXFileReference; fileEncoding = 4; lastKnownFileType = sourcecode.c.h; path = CruiseListModel.h; sourceTree = "<group>"; };
		7EFF8AF41E6677C300F7217D /* CruiseListModel.m */ = {isa = PBXFileReference; fileEncoding = 4; lastKnownFileType = sourcecode.c.objc; path = CruiseListModel.m; sourceTree = "<group>"; };
		7EFF8AF51E6677C300F7217D /* CruiseListViewCell.h */ = {isa = PBXFileReference; fileEncoding = 4; lastKnownFileType = sourcecode.c.h; path = CruiseListViewCell.h; sourceTree = "<group>"; };
		7EFF8AF61E6677C300F7217D /* CruiseListViewCell.m */ = {isa = PBXFileReference; fileEncoding = 4; lastKnownFileType = sourcecode.c.objc; path = CruiseListViewCell.m; sourceTree = "<group>"; };
		7EFF8AF71E6677C300F7217D /* CruiseListViewController.h */ = {isa = PBXFileReference; fileEncoding = 4; lastKnownFileType = sourcecode.c.h; path = CruiseListViewController.h; sourceTree = "<group>"; };
		7EFF8AF81E6677C300F7217D /* CruiseListViewController.m */ = {isa = PBXFileReference; fileEncoding = 4; lastKnownFileType = sourcecode.c.objc; path = CruiseListViewController.m; sourceTree = "<group>"; };
		7EFF8AF91E6677C300F7217D /* listJsonData.json */ = {isa = PBXFileReference; fileEncoding = 4; lastKnownFileType = text.json; path = listJsonData.json; sourceTree = "<group>"; };
		7EFF8AFA1E6677C300F7217D /* PlaceContentView.h */ = {isa = PBXFileReference; fileEncoding = 4; lastKnownFileType = sourcecode.c.h; path = PlaceContentView.h; sourceTree = "<group>"; };
		7EFF8AFB1E6677C300F7217D /* PlaceContentView.m */ = {isa = PBXFileReference; fileEncoding = 4; lastKnownFileType = sourcecode.c.objc; path = PlaceContentView.m; sourceTree = "<group>"; };
		7EFF8B031E668ED400F7217D /* BottomContentCell.h */ = {isa = PBXFileReference; fileEncoding = 4; lastKnownFileType = sourcecode.c.h; path = BottomContentCell.h; sourceTree = "<group>"; };
		7EFF8B041E668ED400F7217D /* BottomContentCell.m */ = {isa = PBXFileReference; fileEncoding = 4; lastKnownFileType = sourcecode.c.objc; path = BottomContentCell.m; sourceTree = "<group>"; };
		7EFF8B051E668ED400F7217D /* BottomContentLayout.h */ = {isa = PBXFileReference; fileEncoding = 4; lastKnownFileType = sourcecode.c.h; path = BottomContentLayout.h; sourceTree = "<group>"; };
		7EFF8B061E668ED400F7217D /* BottomContentLayout.m */ = {isa = PBXFileReference; fileEncoding = 4; lastKnownFileType = sourcecode.c.objc; path = BottomContentLayout.m; sourceTree = "<group>"; };
		7EFF8B071E668ED400F7217D /* BottomContentView.h */ = {isa = PBXFileReference; fileEncoding = 4; lastKnownFileType = sourcecode.c.h; path = BottomContentView.h; sourceTree = "<group>"; };
		7EFF8B081E668ED400F7217D /* BottomContentView.m */ = {isa = PBXFileReference; fileEncoding = 4; lastKnownFileType = sourcecode.c.objc; path = BottomContentView.m; sourceTree = "<group>"; };
		7EFF8B091E668ED400F7217D /* ContentCenterView.h */ = {isa = PBXFileReference; fileEncoding = 4; lastKnownFileType = sourcecode.c.h; path = ContentCenterView.h; sourceTree = "<group>"; };
		7EFF8B0A1E668ED400F7217D /* ContentCenterView.m */ = {isa = PBXFileReference; fileEncoding = 4; lastKnownFileType = sourcecode.c.objc; path = ContentCenterView.m; sourceTree = "<group>"; };
		7EFF8B0B1E668ED400F7217D /* CruiseDetailViewController.h */ = {isa = PBXFileReference; fileEncoding = 4; lastKnownFileType = sourcecode.c.h; path = CruiseDetailViewController.h; sourceTree = "<group>"; };
		7EFF8B0C1E668ED400F7217D /* CruiseDetailViewController.m */ = {isa = PBXFileReference; fileEncoding = 4; lastKnownFileType = sourcecode.c.objc; path = CruiseDetailViewController.m; sourceTree = "<group>"; };
		7EFF8B0D1E668ED400F7217D /* DownViewController.h */ = {isa = PBXFileReference; fileEncoding = 4; lastKnownFileType = sourcecode.c.h; path = DownViewController.h; sourceTree = "<group>"; };
		7EFF8B0E1E668ED400F7217D /* DownViewController.m */ = {isa = PBXFileReference; fileEncoding = 4; lastKnownFileType = sourcecode.c.objc; path = DownViewController.m; sourceTree = "<group>"; };
		7EFF8B0F1E668ED400F7217D /* DownViewModel.h */ = {isa = PBXFileReference; fileEncoding = 4; lastKnownFileType = sourcecode.c.h; path = DownViewModel.h; sourceTree = "<group>"; };
		7EFF8B101E668ED400F7217D /* DownViewModel.m */ = {isa = PBXFileReference; fileEncoding = 4; lastKnownFileType = sourcecode.c.objc; path = DownViewModel.m; sourceTree = "<group>"; };
		7EFF8B111E668ED400F7217D /* HorizontalContentView.h */ = {isa = PBXFileReference; fileEncoding = 4; lastKnownFileType = sourcecode.c.h; path = HorizontalContentView.h; sourceTree = "<group>"; };
		7EFF8B121E668ED400F7217D /* HorizontalContentView.m */ = {isa = PBXFileReference; fileEncoding = 4; lastKnownFileType = sourcecode.c.objc; path = HorizontalContentView.m; sourceTree = "<group>"; };
		7EFF8B131E668ED400F7217D /* HorizontalScrollerView.h */ = {isa = PBXFileReference; fileEncoding = 4; lastKnownFileType = sourcecode.c.h; path = HorizontalScrollerView.h; sourceTree = "<group>"; };
		7EFF8B141E668ED400F7217D /* HorizontalScrollerView.m */ = {isa = PBXFileReference; fileEncoding = 4; lastKnownFileType = sourcecode.c.objc; path = HorizontalScrollerView.m; sourceTree = "<group>"; };
		7EFF8B151E668ED400F7217D /* TopViewController.h */ = {isa = PBXFileReference; fileEncoding = 4; lastKnownFileType = sourcecode.c.h; path = TopViewController.h; sourceTree = "<group>"; };
		7EFF8B161E668ED400F7217D /* TopViewController.m */ = {isa = PBXFileReference; fileEncoding = 4; lastKnownFileType = sourcecode.c.objc; path = TopViewController.m; sourceTree = "<group>"; };
		7EFF8B171E668ED400F7217D /* TopViewModel.h */ = {isa = PBXFileReference; fileEncoding = 4; lastKnownFileType = sourcecode.c.h; path = TopViewModel.h; sourceTree = "<group>"; };
		7EFF8B181E668ED400F7217D /* TopViewModel.m */ = {isa = PBXFileReference; fileEncoding = 4; lastKnownFileType = sourcecode.c.objc; path = TopViewModel.m; sourceTree = "<group>"; };
		7EFF8B291E66906800F7217D /* UIView+Common.h */ = {isa = PBXFileReference; fileEncoding = 4; lastKnownFileType = sourcecode.c.h; path = "UIView+Common.h"; sourceTree = "<group>"; };
		7EFF8B2A1E66906800F7217D /* UIView+Common.m */ = {isa = PBXFileReference; fileEncoding = 4; lastKnownFileType = sourcecode.c.objc; path = "UIView+Common.m"; sourceTree = "<group>"; };
		7EFF8B2C1E6694F800F7217D /* CruiseCommitViewController.h */ = {isa = PBXFileReference; fileEncoding = 4; lastKnownFileType = sourcecode.c.h; path = CruiseCommitViewController.h; sourceTree = "<group>"; };
		7EFF8B2D1E6694F800F7217D /* CruiseCommitViewController.m */ = {isa = PBXFileReference; fileEncoding = 4; lastKnownFileType = sourcecode.c.objc; path = CruiseCommitViewController.m; sourceTree = "<group>"; };
		7EFF8B2F1E66A50E00F7217D /* topVCJsonData.json */ = {isa = PBXFileReference; fileEncoding = 4; lastKnownFileType = text.json; path = topVCJsonData.json; sourceTree = "<group>"; };
		7EFF8B311E66A71700F7217D /* downVCJsonData.json */ = {isa = PBXFileReference; fileEncoding = 4; lastKnownFileType = text.json; path = downVCJsonData.json; sourceTree = "<group>"; };
		8DABA52363B8DF3FF6F7378E /* Pods-ViewEffectsAndLinkage.debug.xcconfig */ = {isa = PBXFileReference; includeInIndex = 1; lastKnownFileType = text.xcconfig; name = "Pods-ViewEffectsAndLinkage.debug.xcconfig"; path = "Pods/Target Support Files/Pods-ViewEffectsAndLinkage/Pods-ViewEffectsAndLinkage.debug.xcconfig"; sourceTree = "<group>"; };
		8F08B4725B6684AAD6C850C9 /* libPods-ViewEffectsAndLinkage.a */ = {isa = PBXFileReference; explicitFileType = archive.ar; includeInIndex = 0; path = "libPods-ViewEffectsAndLinkage.a"; sourceTree = BUILT_PRODUCTS_DIR; };
		9F0D69909380710466275ECB /* Pods-ViewEffectsAndLinkageTests.debug.xcconfig */ = {isa = PBXFileReference; includeInIndex = 1; lastKnownFileType = text.xcconfig; name = "Pods-ViewEffectsAndLinkageTests.debug.xcconfig"; path = "Pods/Target Support Files/Pods-ViewEffectsAndLinkageTests/Pods-ViewEffectsAndLinkageTests.debug.xcconfig"; sourceTree = "<group>"; };
/* End PBXFileReference section */

/* Begin PBXFrameworksBuildPhase section */
		7EFF8AC61E66769300F7217D /* Frameworks */ = {
			isa = PBXFrameworksBuildPhase;
			buildActionMask = 2147483647;
			files = (
				4D8C0E64B3678B5DF85F45ED /* libPods-ViewEffectsAndLinkage.a in Frameworks */,
			);
			runOnlyForDeploymentPostprocessing = 0;
		};
		7EFF8ADF1E66769300F7217D /* Frameworks */ = {
			isa = PBXFrameworksBuildPhase;
			buildActionMask = 2147483647;
			files = (
				8065714A528AF0F680DB4978 /* libPods-ViewEffectsAndLinkageTests.a in Frameworks */,
			);
			runOnlyForDeploymentPostprocessing = 0;
		};
/* End PBXFrameworksBuildPhase section */

/* Begin PBXGroup section */
		01B66DD9BFA0254CB4CE00C2 /* Frameworks */ = {
			isa = PBXGroup;
			children = (
				8F08B4725B6684AAD6C850C9 /* libPods-ViewEffectsAndLinkage.a */,
				546845DE5C4091D1F04B0245 /* libPods-ViewEffectsAndLinkageTests.a */,
			);
			name = Frameworks;
			sourceTree = "<group>";
		};
		7EFF8AC01E66769300F7217D = {
			isa = PBXGroup;
			children = (
				7EFF8ACB1E66769300F7217D /* ViewEffectsAndLinkage */,
				7EFF8AE51E66769300F7217D /* ViewEffectsAndLinkageTests */,
				7EFF8ACA1E66769300F7217D /* Products */,
				C1AA0C21D6BAD12365476994 /* Pods */,
				01B66DD9BFA0254CB4CE00C2 /* Frameworks */,
			);
			sourceTree = "<group>";
		};
		7EFF8ACA1E66769300F7217D /* Products */ = {
			isa = PBXGroup;
			children = (
				7EFF8AC91E66769300F7217D /* ViewEffectsAndLinkage.app */,
				7EFF8AE21E66769300F7217D /* ViewEffectsAndLinkageTests.xctest */,
			);
			name = Products;
			sourceTree = "<group>";
		};
		7EFF8ACB1E66769300F7217D /* ViewEffectsAndLinkage */ = {
			isa = PBXGroup;
			children = (
				7EFF8ACF1E66769300F7217D /* AppDelegate.h */,
				7EFF8AD01E66769300F7217D /* AppDelegate.m */,
				7EF93EAE1E695CBD00B26BE8 /* YHMainController.h */,
				7EF93EAF1E695CBD00B26BE8 /* YHMainController.m */,
				7EFF8AF11E6677C300F7217D /* 豪华邮轮 */,
				7EFF8ACC1E66769300F7217D /* Supporting Files */,
			);
			path = ViewEffectsAndLinkage;
			sourceTree = "<group>";
		};
		7EFF8ACC1E66769300F7217D /* Supporting Files */ = {
			isa = PBXGroup;
			children = (
				7EFF8AD81E66769300F7217D /* Assets.xcassets */,
				7EFF8ADA1E66769300F7217D /* LaunchScreen.storyboard */,
				7EFF8ADD1E66769300F7217D /* Info.plist */,
				7EFF8ACD1E66769300F7217D /* main.m */,
			);
			name = "Supporting Files";
			sourceTree = "<group>";
		};
		7EFF8AE51E66769300F7217D /* ViewEffectsAndLinkageTests */ = {
			isa = PBXGroup;
			children = (
				7EFF8AE61E66769300F7217D /* ViewEffectsAndLinkageTests.m */,
				7EFF8AE81E66769300F7217D /* Info.plist */,
			);
			path = ViewEffectsAndLinkageTests;
			sourceTree = "<group>";
		};
		7EFF8AF11E6677C300F7217D /* 豪华邮轮 */ = {
			isa = PBXGroup;
			children = (
				7EFF8B291E66906800F7217D /* UIView+Common.h */,
				7EFF8B2A1E66906800F7217D /* UIView+Common.m */,
				7EFF8AF21E6677C300F7217D /* 邮轮列表 */,
				7EFF8AFC1E6677C300F7217D /* 邮轮详情 */,
				7EFF8AFD1E6677C300F7217D /* 邮轮预约 */,
			);
			path = "豪华邮轮";
			sourceTree = "<group>";
		};
		7EFF8AF21E6677C300F7217D /* 邮轮列表 */ = {
			isa = PBXGroup;
			children = (
				7EFF8AF71E6677C300F7217D /* CruiseListViewController.h */,
				7EFF8AF81E6677C300F7217D /* CruiseListViewController.m */,
				7EFF8AF31E6677C300F7217D /* CruiseListModel.h */,
				7EFF8AF41E6677C300F7217D /* CruiseListModel.m */,
				7EFF8AF51E6677C300F7217D /* CruiseListViewCell.h */,
				7EFF8AF61E6677C300F7217D /* CruiseListViewCell.m */,
				7EFF8AFA1E6677C300F7217D /* PlaceContentView.h */,
				7EFF8AFB1E6677C300F7217D /* PlaceContentView.m */,
				7EFF8AF91E6677C300F7217D /* listJsonData.json */,
			);
			path = "邮轮列表";
			sourceTree = "<group>";
		};
		7EFF8AFC1E6677C300F7217D /* 邮轮详情 */ = {
			isa = PBXGroup;
			children = (
				7EFF8B0B1E668ED400F7217D /* CruiseDetailViewController.h */,
				7EFF8B0C1E668ED400F7217D /* CruiseDetailViewController.m */,
				7EFF8B2F1E66A50E00F7217D /* topVCJsonData.json */,
				7EFF8B311E66A71700F7217D /* downVCJsonData.json */,
				7EFF8B271E668F3F00F7217D /* 顶部控制器 */,
				7EFF8B281E668F5700F7217D /* 底部控制器 */,
			);
			path = "邮轮详情";
			sourceTree = "<group>";
		};
		7EFF8AFD1E6677C300F7217D /* 邮轮预约 */ = {
			isa = PBXGroup;
			children = (
				7EFF8B2C1E6694F800F7217D /* CruiseCommitViewController.h */,
				7EFF8B2D1E6694F800F7217D /* CruiseCommitViewController.m */,
			);
			path = "邮轮预约";
			sourceTree = "<group>";
		};
		7EFF8B271E668F3F00F7217D /* 顶部控制器 */ = {
			isa = PBXGroup;
			children = (
				7EFF8B151E668ED400F7217D /* TopViewController.h */,
				7EFF8B161E668ED400F7217D /* TopViewController.m */,
				7EFF8B171E668ED400F7217D /* TopViewModel.h */,
				7EFF8B181E668ED400F7217D /* TopViewModel.m */,
				7EFF8B091E668ED400F7217D /* ContentCenterView.h */,
				7EFF8B0A1E668ED400F7217D /* ContentCenterView.m */,
			);
			name = "顶部控制器";
			sourceTree = "<group>";
		};
		7EFF8B281E668F5700F7217D /* 底部控制器 */ = {
			isa = PBXGroup;
			children = (
				7EFF8B0D1E668ED400F7217D /* DownViewController.h */,
				7EFF8B0E1E668ED400F7217D /* DownViewController.m */,
				7EFF8B0F1E668ED400F7217D /* DownViewModel.h */,
				7EFF8B101E668ED400F7217D /* DownViewModel.m */,
				7EFF8B131E668ED400F7217D /* HorizontalScrollerView.h */,
				7EFF8B141E668ED400F7217D /* HorizontalScrollerView.m */,
				7EFF8B111E668ED400F7217D /* HorizontalContentView.h */,
				7EFF8B121E668ED400F7217D /* HorizontalContentView.m */,
				7EFF8B071E668ED400F7217D /* BottomContentView.h */,
				7EFF8B081E668ED400F7217D /* BottomContentView.m */,
				7EFF8B031E668ED400F7217D /* BottomContentCell.h */,
				7EFF8B041E668ED400F7217D /* BottomContentCell.m */,
				7EFF8B051E668ED400F7217D /* BottomContentLayout.h */,
				7EFF8B061E668ED400F7217D /* BottomContentLayout.m */,
				7EC52E8A1E9DF7E20077B34B /* CabinTypeView.h */,
				7EC52E8B1E9DF7E20077B34B /* CabinTypeView.m */,
			);
			name = "底部控制器";
			sourceTree = "<group>";
		};
		C1AA0C21D6BAD12365476994 /* Pods */ = {
			isa = PBXGroup;
			children = (
				8DABA52363B8DF3FF6F7378E /* Pods-ViewEffectsAndLinkage.debug.xcconfig */,
				7B41036F9E52BBB13ECA9101 /* Pods-ViewEffectsAndLinkage.release.xcconfig */,
				9F0D69909380710466275ECB /* Pods-ViewEffectsAndLinkageTests.debug.xcconfig */,
				310EB463A4C3BE0A6BD66A21 /* Pods-ViewEffectsAndLinkageTests.release.xcconfig */,
			);
			name = Pods;
			sourceTree = "<group>";
		};
/* End PBXGroup section */

/* Begin PBXNativeTarget section */
		7EFF8AC81E66769300F7217D /* ViewEffectsAndLinkage */ = {
			isa = PBXNativeTarget;
			buildConfigurationList = 7EFF8AEB1E66769300F7217D /* Build configuration list for PBXNativeTarget "ViewEffectsAndLinkage" */;
			buildPhases = (
				F425237A76CF2918BDEEB462 /* [CP] Check Pods Manifest.lock */,
				7EFF8AC51E66769300F7217D /* Sources */,
				7EFF8AC61E66769300F7217D /* Frameworks */,
				7EFF8AC71E66769300F7217D /* Resources */,
				36D4D4F3658364BE795AA434 /* [CP] Embed Pods Frameworks */,
				7D5D392CB66E8B42923CDF2A /* [CP] Copy Pods Resources */,
			);
			buildRules = (
			);
			dependencies = (
			);
			name = ViewEffectsAndLinkage;
			productName = ViewEffectsAndLinkage;
			productReference = 7EFF8AC91E66769300F7217D /* ViewEffectsAndLinkage.app */;
			productType = "com.apple.product-type.application";
		};
		7EFF8AE11E66769300F7217D /* ViewEffectsAndLinkageTests */ = {
			isa = PBXNativeTarget;
			buildConfigurationList = 7EFF8AEE1E66769300F7217D /* Build configuration list for PBXNativeTarget "ViewEffectsAndLinkageTests" */;
			buildPhases = (
				C96C20F6CD6B5469A6EE9D15 /* [CP] Check Pods Manifest.lock */,
				7EFF8ADE1E66769300F7217D /* Sources */,
				7EFF8ADF1E66769300F7217D /* Frameworks */,
				7EFF8AE01E66769300F7217D /* Resources */,
				C88050829B9A1F55DEBD975D /* [CP] Embed Pods Frameworks */,
				E65AC8C5A666AE93BFCB69D2 /* [CP] Copy Pods Resources */,
			);
			buildRules = (
			);
			dependencies = (
				7EFF8AE41E66769300F7217D /* PBXTargetDependency */,
			);
			name = ViewEffectsAndLinkageTests;
			productName = ViewEffectsAndLinkageTests;
			productReference = 7EFF8AE21E66769300F7217D /* ViewEffectsAndLinkageTests.xctest */;
			productType = "com.apple.product-type.bundle.unit-test";
		};
/* End PBXNativeTarget section */

/* Begin PBXProject section */
		7EFF8AC11E66769300F7217D /* Project object */ = {
			isa = PBXProject;
			attributes = {
				LastUpgradeCheck = 0820;
				ORGANIZATIONNAME = junde;
				TargetAttributes = {
					7EFF8AC81E66769300F7217D = {
						CreatedOnToolsVersion = 8.2.1;
						ProvisioningStyle = Automatic;
					};
					7EFF8AE11E66769300F7217D = {
						CreatedOnToolsVersion = 8.2.1;
						ProvisioningStyle = Automatic;
						TestTargetID = 7EFF8AC81E66769300F7217D;
					};
				};
			};
			buildConfigurationList = 7EFF8AC41E66769300F7217D /* Build configuration list for PBXProject "ViewEffectsAndLinkage" */;
			compatibilityVersion = "Xcode 3.2";
			developmentRegion = English;
			hasScannedForEncodings = 0;
			knownRegions = (
				en,
				Base,
			);
			mainGroup = 7EFF8AC01E66769300F7217D;
			productRefGroup = 7EFF8ACA1E66769300F7217D /* Products */;
			projectDirPath = "";
			projectRoot = "";
			targets = (
				7EFF8AC81E66769300F7217D /* ViewEffectsAndLinkage */,
				7EFF8AE11E66769300F7217D /* ViewEffectsAndLinkageTests */,
			);
		};
/* End PBXProject section */

/* Begin PBXResourcesBuildPhase section */
		7EFF8AC71E66769300F7217D /* Resources */ = {
			isa = PBXResourcesBuildPhase;
			buildActionMask = 2147483647;
			files = (
				7EFF8B301E66A50E00F7217D /* topVCJsonData.json in Resources */,
				7EFF8B011E6677C300F7217D /* listJsonData.json in Resources */,
				7EFF8ADC1E66769300F7217D /* LaunchScreen.storyboard in Resources */,
				7EFF8AD91E66769300F7217D /* Assets.xcassets in Resources */,
				7EFF8B321E66A71700F7217D /* downVCJsonData.json in Resources */,
			);
			runOnlyForDeploymentPostprocessing = 0;
		};
		7EFF8AE01E66769300F7217D /* Resources */ = {
			isa = PBXResourcesBuildPhase;
			buildActionMask = 2147483647;
			files = (
			);
			runOnlyForDeploymentPostprocessing = 0;
		};
/* End PBXResourcesBuildPhase section */

/* Begin PBXShellScriptBuildPhase section */
		36D4D4F3658364BE795AA434 /* [CP] Embed Pods Frameworks */ = {
			isa = PBXShellScriptBuildPhase;
			buildActionMask = 2147483647;
			files = (
			);
			inputPaths = (
			);
			name = "[CP] Embed Pods Frameworks";
			outputPaths = (
			);
			runOnlyForDeploymentPostprocessing = 0;
			shellPath = /bin/sh;
			shellScript = "\"${SRCROOT}/Pods/Target Support Files/Pods-ViewEffectsAndLinkage/Pods-ViewEffectsAndLinkage-frameworks.sh\"\n";
			showEnvVarsInLog = 0;
		};
		7D5D392CB66E8B42923CDF2A /* [CP] Copy Pods Resources */ = {
			isa = PBXShellScriptBuildPhase;
			buildActionMask = 2147483647;
			files = (
			);
			inputPaths = (
			);
			name = "[CP] Copy Pods Resources";
			outputPaths = (
			);
			runOnlyForDeploymentPostprocessing = 0;
			shellPath = /bin/sh;
			shellScript = "\"${SRCROOT}/Pods/Target Support Files/Pods-ViewEffectsAndLinkage/Pods-ViewEffectsAndLinkage-resources.sh\"\n";
			showEnvVarsInLog = 0;
		};
		C88050829B9A1F55DEBD975D /* [CP] Embed Pods Frameworks */ = {
			isa = PBXShellScriptBuildPhase;
			buildActionMask = 2147483647;
			files = (
			);
			inputPaths = (
			);
			name = "[CP] Embed Pods Frameworks";
			outputPaths = (
			);
			runOnlyForDeploymentPostprocessing = 0;
			shellPath = /bin/sh;
			shellScript = "\"${SRCROOT}/Pods/Target Support Files/Pods-ViewEffectsAndLinkageTests/Pods-ViewEffectsAndLinkageTests-frameworks.sh\"\n";
			showEnvVarsInLog = 0;
		};
		C96C20F6CD6B5469A6EE9D15 /* [CP] Check Pods Manifest.lock */ = {
			isa = PBXShellScriptBuildPhase;
			buildActionMask = 2147483647;
			files = (
			);
			inputPaths = (
			);
			name = "[CP] Check Pods Manifest.lock";
			outputPaths = (
			);
			runOnlyForDeploymentPostprocessing = 0;
			shellPath = /bin/sh;
			shellScript = "diff \"${PODS_ROOT}/../Podfile.lock\" \"${PODS_ROOT}/Manifest.lock\" > /dev/null\nif [ $? != 0 ] ; then\n    # print error to STDERR\n    echo \"error: The sandbox is not in sync with the Podfile.lock. Run 'pod install' or update your CocoaPods installation.\" >&2\n    exit 1\nfi\n";
			showEnvVarsInLog = 0;
		};
		E65AC8C5A666AE93BFCB69D2 /* [CP] Copy Pods Resources */ = {
			isa = PBXShellScriptBuildPhase;
			buildActionMask = 2147483647;
			files = (
			);
			inputPaths = (
			);
			name = "[CP] Copy Pods Resources";
			outputPaths = (
			);
			runOnlyForDeploymentPostprocessing = 0;
			shellPath = /bin/sh;
			shellScript = "\"${SRCROOT}/Pods/Target Support Files/Pods-ViewEffectsAndLinkageTests/Pods-ViewEffectsAndLinkageTests-resources.sh\"\n";
			showEnvVarsInLog = 0;
		};
		F425237A76CF2918BDEEB462 /* [CP] Check Pods Manifest.lock */ = {
			isa = PBXShellScriptBuildPhase;
			buildActionMask = 2147483647;
			files = (
			);
			inputPaths = (
			);
			name = "[CP] Check Pods Manifest.lock";
			outputPaths = (
			);
			runOnlyForDeploymentPostprocessing = 0;
			shellPath = /bin/sh;
			shellScript = "diff \"${PODS_ROOT}/../Podfile.lock\" \"${PODS_ROOT}/Manifest.lock\" > /dev/null\nif [ $? != 0 ] ; then\n    # print error to STDERR\n    echo \"error: The sandbox is not in sync with the Podfile.lock. Run 'pod install' or update your CocoaPods installation.\" >&2\n    exit 1\nfi\n";
			showEnvVarsInLog = 0;
		};
/* End PBXShellScriptBuildPhase section */

/* Begin PBXSourcesBuildPhase section */
		7EFF8AC51E66769300F7217D /* Sources */ = {
			isa = PBXSourcesBuildPhase;
			buildActionMask = 2147483647;
			files = (
				7EFF8B201E668ED400F7217D /* DownViewController.m in Sources */,
				7EFF8AFE1E6677C300F7217D /* CruiseListModel.m in Sources */,
				7EFF8B2E1E6694F800F7217D /* CruiseCommitViewController.m in Sources */,
				7EFF8B1D1E668ED400F7217D /* BottomContentView.m in Sources */,
				7EF93EB01E695CBD00B26BE8 /* YHMainController.m in Sources */,
				7EFF8AD11E66769300F7217D /* AppDelegate.m in Sources */,
				7EFF8B1F1E668ED400F7217D /* CruiseDetailViewController.m in Sources */,
				7EFF8B001E6677C300F7217D /* CruiseListViewController.m in Sources */,
				7EFF8B241E668ED400F7217D /* TopViewController.m in Sources */,
				7EFF8B021E6677C300F7217D /* PlaceContentView.m in Sources */,
				7EFF8B211E668ED400F7217D /* DownViewModel.m in Sources */,
				7EFF8ACE1E66769300F7217D /* main.m in Sources */,
				7EFF8B1E1E668ED400F7217D /* ContentCenterView.m in Sources */,
				7EFF8B251E668ED400F7217D /* TopViewModel.m in Sources */,
				7EFF8B221E668ED400F7217D /* HorizontalContentView.m in Sources */,
				7EFF8B1B1E668ED400F7217D /* BottomContentCell.m in Sources */,
				7EFF8B1C1E668ED400F7217D /* BottomContentLayout.m in Sources */,
				7EC52E8C1E9DF7E20077B34B /* CabinTypeView.m in Sources */,
				7EFF8B231E668ED400F7217D /* HorizontalScrollerView.m in Sources */,
				7EFF8B2B1E66906800F7217D /* UIView+Common.m in Sources */,
				7EFF8AFF1E6677C300F7217D /* CruiseListViewCell.m in Sources */,
			);
			runOnlyForDeploymentPostprocessing = 0;
		};
		7EFF8ADE1E66769300F7217D /* Sources */ = {
			isa = PBXSourcesBuildPhase;
			buildActionMask = 2147483647;
			files = (
				7EFF8AE71E66769300F7217D /* ViewEffectsAndLinkageTests.m in Sources */,
			);
			runOnlyForDeploymentPostprocessing = 0;
		};
/* End PBXSourcesBuildPhase section */

/* Begin PBXTargetDependency section */
		7EFF8AE41E66769300F7217D /* PBXTargetDependency */ = {
			isa = PBXTargetDependency;
			target = 7EFF8AC81E66769300F7217D /* ViewEffectsAndLinkage */;
			targetProxy = 7EFF8AE31E66769300F7217D /* PBXContainerItemProxy */;
		};
/* End PBXTargetDependency section */

/* Begin PBXVariantGroup section */
		7EFF8ADA1E66769300F7217D /* LaunchScreen.storyboard */ = {
			isa = PBXVariantGroup;
			children = (
				7EFF8ADB1E66769300F7217D /* Base */,
			);
			name = LaunchScreen.storyboard;
			sourceTree = "<group>";
		};
/* End PBXVariantGroup section */

/* Begin XCBuildConfiguration section */
		7EFF8AE91E66769300F7217D /* Debug */ = {
			isa = XCBuildConfiguration;
			buildSettings = {
				ALWAYS_SEARCH_USER_PATHS = NO;
				CLANG_ANALYZER_NONNULL = YES;
				CLANG_CXX_LANGUAGE_STANDARD = "gnu++0x";
				CLANG_CXX_LIBRARY = "libc++";
				CLANG_ENABLE_MODULES = YES;
				CLANG_ENABLE_OBJC_ARC = YES;
				CLANG_WARN_BOOL_CONVERSION = YES;
				CLANG_WARN_CONSTANT_CONVERSION = YES;
				CLANG_WARN_DIRECT_OBJC_ISA_USAGE = YES_ERROR;
				CLANG_WARN_DOCUMENTATION_COMMENTS = YES;
				CLANG_WARN_EMPTY_BODY = YES;
				CLANG_WARN_ENUM_CONVERSION = YES;
				CLANG_WARN_INFINITE_RECURSION = YES;
				CLANG_WARN_INT_CONVERSION = YES;
				CLANG_WARN_OBJC_ROOT_CLASS = YES_ERROR;
				CLANG_WARN_SUSPICIOUS_MOVE = YES;
				CLANG_WARN_UNREACHABLE_CODE = YES;
				CLANG_WARN__DUPLICATE_METHOD_MATCH = YES;
				"CODE_SIGN_IDENTITY[sdk=iphoneos*]" = "iPhone Developer";
				COPY_PHASE_STRIP = NO;
				DEBUG_INFORMATION_FORMAT = dwarf;
				ENABLE_STRICT_OBJC_MSGSEND = YES;
				ENABLE_TESTABILITY = YES;
				GCC_C_LANGUAGE_STANDARD = gnu99;
				GCC_DYNAMIC_NO_PIC = NO;
				GCC_NO_COMMON_BLOCKS = YES;
				GCC_OPTIMIZATION_LEVEL = 0;
				GCC_PREPROCESSOR_DEFINITIONS = (
					"DEBUG=1",
					"$(inherited)",
				);
				GCC_WARN_64_TO_32_BIT_CONVERSION = YES;
				GCC_WARN_ABOUT_RETURN_TYPE = YES_ERROR;
				GCC_WARN_UNDECLARED_SELECTOR = YES;
				GCC_WARN_UNINITIALIZED_AUTOS = YES_AGGRESSIVE;
				GCC_WARN_UNUSED_FUNCTION = YES;
				GCC_WARN_UNUSED_VARIABLE = YES;
				IPHONEOS_DEPLOYMENT_TARGET = 10.2;
				MTL_ENABLE_DEBUG_INFO = YES;
				ONLY_ACTIVE_ARCH = YES;
				SDKROOT = iphoneos;
			};
			name = Debug;
		};
		7EFF8AEA1E66769300F7217D /* Release */ = {
			isa = XCBuildConfiguration;
			buildSettings = {
				ALWAYS_SEARCH_USER_PATHS = NO;
				CLANG_ANALYZER_NONNULL = YES;
				CLANG_CXX_LANGUAGE_STANDARD = "gnu++0x";
				CLANG_CXX_LIBRARY = "libc++";
				CLANG_ENABLE_MODULES = YES;
				CLANG_ENABLE_OBJC_ARC = YES;
				CLANG_WARN_BOOL_CONVERSION = YES;
				CLANG_WARN_CONSTANT_CONVERSION = YES;
				CLANG_WARN_DIRECT_OBJC_ISA_USAGE = YES_ERROR;
				CLANG_WARN_DOCUMENTATION_COMMENTS = YES;
				CLANG_WARN_EMPTY_BODY = YES;
				CLANG_WARN_ENUM_CONVERSION = YES;
				CLANG_WARN_INFINITE_RECURSION = YES;
				CLANG_WARN_INT_CONVERSION = YES;
				CLANG_WARN_OBJC_ROOT_CLASS = YES_ERROR;
				CLANG_WARN_SUSPICIOUS_MOVE = YES;
				CLANG_WARN_UNREACHABLE_CODE = YES;
				CLANG_WARN__DUPLICATE_METHOD_MATCH = YES;
				"CODE_SIGN_IDENTITY[sdk=iphoneos*]" = "iPhone Developer";
				COPY_PHASE_STRIP = NO;
				DEBUG_INFORMATION_FORMAT = "dwarf-with-dsym";
				ENABLE_NS_ASSERTIONS = NO;
				ENABLE_STRICT_OBJC_MSGSEND = YES;
				GCC_C_LANGUAGE_STANDARD = gnu99;
				GCC_NO_COMMON_BLOCKS = YES;
				GCC_WARN_64_TO_32_BIT_CONVERSION = YES;
				GCC_WARN_ABOUT_RETURN_TYPE = YES_ERROR;
				GCC_WARN_UNDECLARED_SELECTOR = YES;
				GCC_WARN_UNINITIALIZED_AUTOS = YES_AGGRESSIVE;
				GCC_WARN_UNUSED_FUNCTION = YES;
				GCC_WARN_UNUSED_VARIABLE = YES;
				IPHONEOS_DEPLOYMENT_TARGET = 10.2;
				MTL_ENABLE_DEBUG_INFO = NO;
				SDKROOT = iphoneos;
				VALIDATE_PRODUCT = YES;
			};
			name = Release;
		};
		7EFF8AEC1E66769300F7217D /* Debug */ = {
			isa = XCBuildConfiguration;
			baseConfigurationReference = 8DABA52363B8DF3FF6F7378E /* Pods-ViewEffectsAndLinkage.debug.xcconfig */;
			buildSettings = {
				ASSETCATALOG_COMPILER_APPICON_NAME = AppIcon;
				INFOPLIST_FILE = ViewEffectsAndLinkage/Info.plist;
				IPHONEOS_DEPLOYMENT_TARGET = 8.0;
				LD_RUNPATH_SEARCH_PATHS = "$(inherited) @executable_path/Frameworks";
				PRODUCT_BUNDLE_IDENTIFIER = cn.junde.ViewEffectsAndLinkage;
				PRODUCT_NAME = "$(TARGET_NAME)";
			};
			name = Debug;
		};
		7EFF8AED1E66769300F7217D /* Release */ = {
			isa = XCBuildConfiguration;
			baseConfigurationReference = 7B41036F9E52BBB13ECA9101 /* Pods-ViewEffectsAndLinkage.release.xcconfig */;
			buildSettings = {
				ASSETCATALOG_COMPILER_APPICON_NAME = AppIcon;
				INFOPLIST_FILE = ViewEffectsAndLinkage/Info.plist;
				IPHONEOS_DEPLOYMENT_TARGET = 8.0;
				LD_RUNPATH_SEARCH_PATHS = "$(inherited) @executable_path/Frameworks";
				PRODUCT_BUNDLE_IDENTIFIER = cn.junde.ViewEffectsAndLinkage;
				PRODUCT_NAME = "$(TARGET_NAME)";
			};
			name = Release;
		};
		7EFF8AEF1E66769300F7217D /* Debug */ = {
			isa = XCBuildConfiguration;
			baseConfigurationReference = 9F0D69909380710466275ECB /* Pods-ViewEffectsAndLinkageTests.debug.xcconfig */;
			buildSettings = {
				BUNDLE_LOADER = "$(TEST_HOST)";
				INFOPLIST_FILE = ViewEffectsAndLinkageTests/Info.plist;
				LD_RUNPATH_SEARCH_PATHS = "$(inherited) @executable_path/Frameworks @loader_path/Frameworks";
				PRODUCT_BUNDLE_IDENTIFIER = cn.junde.ViewEffectsAndLinkageTests;
				PRODUCT_NAME = "$(TARGET_NAME)";
				TEST_HOST = "$(BUILT_PRODUCTS_DIR)/ViewEffectsAndLinkage.app/ViewEffectsAndLinkage";
			};
			name = Debug;
		};
		7EFF8AF01E66769300F7217D /* Release */ = {
			isa = XCBuildConfiguration;
			baseConfigurationReference = 310EB463A4C3BE0A6BD66A21 /* Pods-ViewEffectsAndLinkageTests.release.xcconfig */;
			buildSettings = {
				BUNDLE_LOADER = "$(TEST_HOST)";
				INFOPLIST_FILE = ViewEffectsAndLinkageTests/Info.plist;
				LD_RUNPATH_SEARCH_PATHS = "$(inherited) @executable_path/Frameworks @loader_path/Frameworks";
				PRODUCT_BUNDLE_IDENTIFIER = cn.junde.ViewEffectsAndLinkageTests;
				PRODUCT_NAME = "$(TARGET_NAME)";
				TEST_HOST = "$(BUILT_PRODUCTS_DIR)/ViewEffectsAndLinkage.app/ViewEffectsAndLinkage";
			};
			name = Release;
		};
/* End XCBuildConfiguration section */

/* Begin XCConfigurationList section */
		7EFF8AC41E66769300F7217D /* Build configuration list for PBXProject "ViewEffectsAndLinkage" */ = {
			isa = XCConfigurationList;
			buildConfigurations = (
				7EFF8AE91E66769300F7217D /* Debug */,
				7EFF8AEA1E66769300F7217D /* Release */,
			);
			defaultConfigurationIsVisible = 0;
			defaultConfigurationName = Release;
		};
		7EFF8AEB1E66769300F7217D /* Build configuration list for PBXNativeTarget "ViewEffectsAndLinkage" */ = {
			isa = XCConfigurationList;
			buildConfigurations = (
				7EFF8AEC1E66769300F7217D /* Debug */,
				7EFF8AED1E66769300F7217D /* Release */,
			);
			defaultConfigurationIsVisible = 0;
			defaultConfigurationName = Release;
		};
		7EFF8AEE1E66769300F7217D /* Build configuration list for PBXNativeTarget "ViewEffectsAndLinkageTests" */ = {
			isa = XCConfigurationList;
			buildConfigurations = (
				7EFF8AEF1E66769300F7217D /* Debug */,
				7EFF8AF01E66769300F7217D /* Release */,
			);
			defaultConfigurationIsVisible = 0;
			defaultConfigurationName = Release;
		};
/* End XCConfigurationList section */
	};
	rootObject = 7EFF8AC11E66769300F7217D /* Project object */;
}
